
Microsoft Visual Studio Solution File, Format Version 12.00
# Visual Studio Version 17
VisualStudioVersion = 17.7.34024.191
MinimumVisualStudioVersion = 10.0.40219.1
Project("{FAE04EC0-301F-11D3-BF4B-00C04F79EFBC}") = "Lab12P2", "Lab12P2\Lab12P2.csproj", "{04719EAE-92A5-4E1B-9EAB-0E65236E5DDF}"
EndProject
Global
	GlobalSection(SolutionConfigurationPlatforms) = preSolution
		Debug|Any CPU = Debug|Any CPU
		Release|Any CPU = Release|Any CPU
	EndGlobalSection
	GlobalSection(ProjectConfigurationPlatforms) = postSolution
		{04719EAE-92A5-4E1B-9EAB-0E65236E5DDF}.Debug|Any CPU.ActiveCfg = Debug|Any CPU
		{04719EAE-92A5-4E1B-9EAB-0E65236E5DDF}.Debug|Any CPU.Build.0 = Debug|Any CPU
		{04719EAE-92A5-4E1B-9EAB-0E65236E5DDF}.Release|Any CPU.ActiveCfg = Release|Any CPU
		{04719EAE-92A5-4E1B-9EAB-0E65236E5DDF}.Release|Any CPU.Build.0 = Release|Any CPU
	EndGlobalSection
	GlobalSection(SolutionProperties) = preSolution
		HideSolutionNode = FALSE
	EndGlobalSection
	GlobalSection(ExtensibilityGlobals) = postSolution
		SolutionGuid = {D1E13A90-EB19-4BDC-A5B9-96A648A2C5B3}
	EndGlobalSection
EndGlobal
